github.com/theNewDynamic/gohugo-theme-ananke/v2 v2.11.2 h1:e57wIClfYebSg7lqJ6ZBbsPaOO+qYEUuqzKbOCwSMqA=
github.com/theNewDynamic/gohugo-theme-ananke/v2 v2.11.2/go.mod h1:PiXJyylwvAMIfDiHY0SlP8fDwGHhq3ocwbP4TiuAevo=
github.com/tomfran/typo v1.15.0 h1:lXTTzIRQDAlPLJarwrtJffXj1FRFP2IC93CTkqE65/g=
github.com/tomfran/typo v1.15.0/go.mod h1:8xNarVYpf1wXyorV/5F4NnTzJXGi8tTtJxourpJv4MA=
